
Microsoft Visual Studio Solution File, Format Version 12.00
# Visual Studio Version 16
VisualStudioVersion = 16.0.29326.143
MinimumVisualStudioVersion = 10.0.40219.1
Project("{9A19103F-16F7-4668-BE54-9A1E7A4F7556}") = "DAL", "DAL\DAL.csproj", "{4654D1F8-D486-4807-B27F-1BB217AD68B0}"
EndProject
Project("{9A19103F-16F7-4668-BE54-9A1E7A4F7556}") = "Api", "Api\Api.csproj", "{76D06755-7302-4A31-B576-C3F364892CCA}"
EndProject
Project("{9A19103F-16F7-4668-BE54-9A1E7A4F7556}") = "Utils", "Utils\Utils.csproj", "{36C84649-E8E8-464D-8050-47F13847F9BF}"
EndProject
Project("{FAE04EC0-301F-11D3-BF4B-00C04F79EFBC}") = "Model", "Model\Model.csproj", "{5C550B9E-9321-4441-8EA1-3BFA3A7C1A02}"
EndProject
Project("{FAE04EC0-301F-11D3-BF4B-00C04F79EFBC}") = "Domain", "Domain\Domain.csproj", "{05D26F27-2362-43AF-8BFA-ECD2FA78B578}"
EndProject
Global
	GlobalSection(SolutionConfigurationPlatforms) = preSolution
		Debug|Any CPU = Debug|Any CPU
		Release|Any CPU = Release|Any CPU
	EndGlobalSection
	GlobalSection(ProjectConfigurationPlatforms) = postSolution
		{4654D1F8-D486-4807-B27F-1BB217AD68B0}.Debug|Any CPU.ActiveCfg = Debug|Any CPU
		{4654D1F8-D486-4807-B27F-1BB217AD68B0}.Debug|Any CPU.Build.0 = Debug|Any CPU
		{4654D1F8-D486-4807-B27F-1BB217AD68B0}.Release|Any CPU.ActiveCfg = Release|Any CPU
		{4654D1F8-D486-4807-B27F-1BB217AD68B0}.Release|Any CPU.Build.0 = Release|Any CPU
		{76D06755-7302-4A31-B576-C3F364892CCA}.Debug|Any CPU.ActiveCfg = Debug|Any CPU
		{76D06755-7302-4A31-B576-C3F364892CCA}.Debug|Any CPU.Build.0 = Debug|Any CPU
		{76D06755-7302-4A31-B576-C3F364892CCA}.Release|Any CPU.ActiveCfg = Release|Any CPU
		{76D06755-7302-4A31-B576-C3F364892CCA}.Release|Any CPU.Build.0 = Release|Any CPU
		{36C84649-E8E8-464D-8050-47F13847F9BF}.Debug|Any CPU.ActiveCfg = Debug|Any CPU
		{36C84649-E8E8-464D-8050-47F13847F9BF}.Debug|Any CPU.Build.0 = Debug|Any CPU
		{36C84649-E8E8-464D-8050-47F13847F9BF}.Release|Any CPU.ActiveCfg = Release|Any CPU
		{36C84649-E8E8-464D-8050-47F13847F9BF}.Release|Any CPU.Build.0 = Release|Any CPU
		{5C550B9E-9321-4441-8EA1-3BFA3A7C1A02}.Debug|Any CPU.ActiveCfg = Debug|Any CPU
		{5C550B9E-9321-4441-8EA1-3BFA3A7C1A02}.Debug|Any CPU.Build.0 = Debug|Any CPU
		{5C550B9E-9321-4441-8EA1-3BFA3A7C1A02}.Release|Any CPU.ActiveCfg = Release|Any CPU
		{5C550B9E-9321-4441-8EA1-3BFA3A7C1A02}.Release|Any CPU.Build.0 = Release|Any CPU
		{05D26F27-2362-43AF-8BFA-ECD2FA78B578}.Debug|Any CPU.ActiveCfg = Debug|Any CPU
		{05D26F27-2362-43AF-8BFA-ECD2FA78B578}.Debug|Any CPU.Build.0 = Debug|Any CPU
		{05D26F27-2362-43AF-8BFA-ECD2FA78B578}.Release|Any CPU.ActiveCfg = Release|Any CPU
		{05D26F27-2362-43AF-8BFA-ECD2FA78B578}.Release|Any CPU.Build.0 = Release|Any CPU
	EndGlobalSection
	GlobalSection(SolutionProperties) = preSolution
		HideSolutionNode = FALSE
	EndGlobalSection
	GlobalSection(ExtensibilityGlobals) = postSolution
		SolutionGuid = {AB802A94-04DB-4AEA-9085-3505830FBB43}
	EndGlobalSection
EndGlobal
